PODS:
  - Alamofire (4.9.1)
  - ReachabilitySwift (5.0.0)
  - SDWebImage (5.15.6):
    - SDWebImage/Core (= 5.15.6)
  - SDWebImage/Core (5.15.6)
  - SnapKit (5.6.0)
  - Swinject (2.8.3)

DEPENDENCIES:
  - Alamofire (~> 4.9.1)
  - ReachabilitySwift
  - SDWebImage (~> 5.0)
  - SnapKit
  - Swinject

SPEC REPOS:
  trunk:
    - Alamofire
    - ReachabilitySwift
    - SDWebImage
    - SnapKit
    - Swinject

SPEC CHECKSUMS:
  Alamofire: 85e8a02c69d6020a0d734f6054870d7ecb75cf18
  ReachabilitySwift: 985039c6f7b23a1da463388634119492ff86c825
  SDWebImage: d47d81bea8a77187896b620dc79c3c528e8906b9
  SnapKit: e01d52ebb8ddbc333eefe2132acf85c8227d9c25
  Swinject: 893c9a543000ac2f10ee4cbaf0933c6992c935d5

PODFILE CHECKSUM: 974dd2a693bd33b7851c9dc501d4f115b59d0022

COCOAPODS: 1.12.1
